PODS:
  - FlutterMacOS (1.0.0)
  - nutdart (0.0.1):
    - FlutterMacOS
    - nutdart/no-arc (= 0.0.1)
  - nutdart/no-arc (0.0.1):
    - FlutterMacOS

DEPENDENCIES:
  - FlutterMacOS (from `Flutter/ephemeral`)
  - nutdart (from `Flutter/ephemeral/.symlinks/plugins/nutdart/macos`)

EXTERNAL SOURCES:
  FlutterMacOS:
    :path: Flutter/ephemeral
  nutdart:
    :path: Flutter/ephemeral/.symlinks/plugins/nutdart/macos

SPEC CHECKSUMS:
  FlutterMacOS: 8f6f14fa908a6fb3fba0cd85dbd81ec4b251fb24
  nutdart: 88e126be44af94d229c0f55cca13302afff0531d

PODFILE CHECKSUM: 7eb978b976557c8c1cd717d8185ec483fd090a82

COCOAPODS: 1.16.2
